
Microsoft Visual Studio Solution File, Format Version 12.00
# Visual Studio Version 17
VisualStudioVersion = 17.0.31903.59
MinimumVisualStudioVersion = 10.0.40219.1
Project("{FAE04EC0-301F-11D3-BF4B-00C04F79EFBC}") = "OldPhonePad", "OldPhonePad\OldPhonePad.csproj", "{6D7FA493-B65B-47B9-BE0E-C9C8A7464D90}"
EndProject
Project("{2150E333-8FDC-42A3-9474-1A3956D46DE8}") = "OldPhonePad.Tests", "OldPhonePad.Tests", "{23C7C2B7-BF7C-6F1A-AAD2-77047F211CF5}"
EndProject
Project("{FAE04EC0-301F-11D3-BF4B-00C04F79EFBC}") = "OldPhonePadTests", "OldPhonePad.Tests\OldPhonePadTests.csproj", "{655D7021-4F85-40DE-9999-3192F55E426B}"
EndProject
Global
	GlobalSection(SolutionConfigurationPlatforms) = preSolution
		Debug|Any CPU = Debug|Any CPU
		Debug|x64 = Debug|x64
		Debug|x86 = Debug|x86
		Release|Any CPU = Release|Any CPU
		Release|x64 = Release|x64
		Release|x86 = Release|x86
	EndGlobalSection
	GlobalSection(ProjectConfigurationPlatforms) = postSolution
		{6D7FA493-B65B-47B9-BE0E-C9C8A7464D90}.Debug|Any CPU.ActiveCfg = Debug|Any CPU
		{6D7FA493-B65B-47B9-BE0E-C9C8A7464D90}.Debug|Any CPU.Build.0 = Debug|Any CPU
		{6D7FA493-B65B-47B9-BE0E-C9C8A7464D90}.Debug|x64.ActiveCfg = Debug|Any CPU
		{6D7FA493-B65B-47B9-BE0E-C9C8A7464D90}.Debug|x64.Build.0 = Debug|Any CPU
		{6D7FA493-B65B-47B9-BE0E-C9C8A7464D90}.Debug|x86.ActiveCfg = Debug|Any CPU
		{6D7FA493-B65B-47B9-BE0E-C9C8A7464D90}.Debug|x86.Build.0 = Debug|Any CPU
		{6D7FA493-B65B-47B9-BE0E-C9C8A7464D90}.Release|Any CPU.ActiveCfg = Release|Any CPU
		{6D7FA493-B65B-47B9-BE0E-C9C8A7464D90}.Release|Any CPU.Build.0 = Release|Any CPU
		{6D7FA493-B65B-47B9-BE0E-C9C8A7464D90}.Release|x64.ActiveCfg = Release|Any CPU
		{6D7FA493-B65B-47B9-BE0E-C9C8A7464D90}.Release|x64.Build.0 = Release|Any CPU
		{6D7FA493-B65B-47B9-BE0E-C9C8A7464D90}.Release|x86.ActiveCfg = Release|Any CPU
		{6D7FA493-B65B-47B9-BE0E-C9C8A7464D90}.Release|x86.Build.0 = Release|Any CPU
		{655D7021-4F85-40DE-9999-3192F55E426B}.Debug|Any CPU.ActiveCfg = Debug|Any CPU
		{655D7021-4F85-40DE-9999-3192F55E426B}.Debug|Any CPU.Build.0 = Debug|Any CPU
		{655D7021-4F85-40DE-9999-3192F55E426B}.Debug|x64.ActiveCfg = Debug|Any CPU
		{655D7021-4F85-40DE-9999-3192F55E426B}.Debug|x64.Build.0 = Debug|Any CPU
		{655D7021-4F85-40DE-9999-3192F55E426B}.Debug|x86.ActiveCfg = Debug|Any CPU
		{655D7021-4F85-40DE-9999-3192F55E426B}.Debug|x86.Build.0 = Debug|Any CPU
		{655D7021-4F85-40DE-9999-3192F55E426B}.Release|Any CPU.ActiveCfg = Release|Any CPU
		{655D7021-4F85-40DE-9999-3192F55E426B}.Release|Any CPU.Build.0 = Release|Any CPU
		{655D7021-4F85-40DE-9999-3192F55E426B}.Release|x64.ActiveCfg = Release|Any CPU
		{655D7021-4F85-40DE-9999-3192F55E426B}.Release|x64.Build.0 = Release|Any CPU
		{655D7021-4F85-40DE-9999-3192F55E426B}.Release|x86.ActiveCfg = Release|Any CPU
		{655D7021-4F85-40DE-9999-3192F55E426B}.Release|x86.Build.0 = Release|Any CPU
	EndGlobalSection
	GlobalSection(SolutionProperties) = preSolution
		HideSolutionNode = FALSE
	EndGlobalSection
	GlobalSection(NestedProjects) = preSolution
		{655D7021-4F85-40DE-9999-3192F55E426B} = {23C7C2B7-BF7C-6F1A-AAD2-77047F211CF5}
	EndGlobalSection
EndGlobal
